
Microsoft Visual Studio Solution File, Format Version 12.00
# Visual Studio Version 16
VisualStudioVersion = 16.0.30503.244
MinimumVisualStudioVersion = 10.0.40219.1
Project("{FAE04EC0-301F-11D3-BF4B-00C04F79EFBC}") = "Lop Animal và interface Edible", "Lop Animal và interface Edible\Lop Animal và interface Edible.csproj", "{B664F8AB-229C-420A-AF30-C0E2D971E9E8}"
EndProject
Global
	GlobalSection(SolutionConfigurationPlatforms) = preSolution
		Debug|Any CPU = Debug|Any CPU
		Release|Any CPU = Release|Any CPU
	EndGlobalSection
	GlobalSection(ProjectConfigurationPlatforms) = postSolution
		{B664F8AB-229C-420A-AF30-C0E2D971E9E8}.Debug|Any CPU.ActiveCfg = Debug|Any CPU
		{B664F8AB-229C-420A-AF30-C0E2D971E9E8}.Debug|Any CPU.Build.0 = Debug|Any CPU
		{B664F8AB-229C-420A-AF30-C0E2D971E9E8}.Release|Any CPU.ActiveCfg = Release|Any CPU
		{B664F8AB-229C-420A-AF30-C0E2D971E9E8}.Release|Any CPU.Build.0 = Release|Any CPU
	EndGlobalSection
	GlobalSection(SolutionProperties) = preSolution
		HideSolutionNode = FALSE
	EndGlobalSection
	GlobalSection(ExtensibilityGlobals) = postSolution
		SolutionGuid = {6C1587F1-BE5F-4C5E-AB31-AEB3FFAF996D}
	EndGlobalSection
EndGlobal
